
Microsoft Visual Studio Solution File, Format Version 12.00
# Visual Studio Version 16
VisualStudioVersion = 16.0.810.17
MinimumVisualStudioVersion = 10.0.40219.1
Project("{FAE04EC0-301F-11D3-BF4B-00C04F79EFBC}") = "NumberAnalyzerDecisionMaker", "NumberAnalyzerDecisionMaker\NumberAnalyzerDecisionMaker.csproj", "{D2CF25F1-E720-471E-883B-79FF2389D238}"
EndProject
Global
	GlobalSection(SolutionConfigurationPlatforms) = preSolution
		Debug|Any CPU = Debug|Any CPU
		Release|Any CPU = Release|Any CPU
	EndGlobalSection
	GlobalSection(ProjectConfigurationPlatforms) = postSolution
		{D2CF25F1-E720-471E-883B-79FF2389D238}.Debug|Any CPU.ActiveCfg = Debug|Any CPU
		{D2CF25F1-E720-471E-883B-79FF2389D238}.Debug|Any CPU.Build.0 = Debug|Any CPU
		{D2CF25F1-E720-471E-883B-79FF2389D238}.Release|Any CPU.ActiveCfg = Release|Any CPU
		{D2CF25F1-E720-471E-883B-79FF2389D238}.Release|Any CPU.Build.0 = Release|Any CPU
	EndGlobalSection
	GlobalSection(SolutionProperties) = preSolution
		HideSolutionNode = FALSE
	EndGlobalSection
	GlobalSection(ExtensibilityGlobals) = postSolution
		SolutionGuid = {FF6D61BB-35DD-4994-9E48-59530406374F}
	EndGlobalSection
EndGlobal
